
Microsoft Visual Studio Solution File, Format Version 12.00
# Visual Studio Version 17
VisualStudioVersion = 17.9.34728.123
MinimumVisualStudioVersion = 10.0.40219.1
Project("{FAE04EC0-301F-11D3-BF4B-00C04F79EFBC}") = "RhinoCommon.Extensions.Dotbim", "RhinoCommon.Extensions.Dotbim.csproj", "{0057367A-5E40-49EF-91CE-D7376E080FF8}"
EndProject
Project("{FAE04EC0-301F-11D3-BF4B-00C04F79EFBC}") = "RhinoCommon.Extensions.Dotbim.UnitTests", "..\RhinoCommon.Extensions.Dotbim.UnitTests\RhinoCommon.Extensions.Dotbim.UnitTests.csproj", "{7E40F33D-86B8-472B-B6AF-EF617122569D}"
EndProject
Global
	GlobalSection(SolutionConfigurationPlatforms) = preSolution
		Debug|Any CPU = Debug|Any CPU
		Release|Any CPU = Release|Any CPU
	EndGlobalSection
	GlobalSection(ProjectConfigurationPlatforms) = postSolution
		{0057367A-5E40-49EF-91CE-D7376E080FF8}.Debug|Any CPU.ActiveCfg = Debug|Any CPU
		{0057367A-5E40-49EF-91CE-D7376E080FF8}.Debug|Any CPU.Build.0 = Debug|Any CPU
		{0057367A-5E40-49EF-91CE-D7376E080FF8}.Release|Any CPU.ActiveCfg = Release|Any CPU
		{0057367A-5E40-49EF-91CE-D7376E080FF8}.Release|Any CPU.Build.0 = Release|Any CPU
		{7E40F33D-86B8-472B-B6AF-EF617122569D}.Debug|Any CPU.ActiveCfg = Debug|Any CPU
		{7E40F33D-86B8-472B-B6AF-EF617122569D}.Debug|Any CPU.Build.0 = Debug|Any CPU
		{7E40F33D-86B8-472B-B6AF-EF617122569D}.Release|Any CPU.ActiveCfg = Release|Any CPU
		{7E40F33D-86B8-472B-B6AF-EF617122569D}.Release|Any CPU.Build.0 = Release|Any CPU
	EndGlobalSection
	GlobalSection(SolutionProperties) = preSolution
		HideSolutionNode = FALSE
	EndGlobalSection
	GlobalSection(ExtensibilityGlobals) = postSolution
		SolutionGuid = {9D1D7EEF-BDF6-42DC-9617-B04F00C58A99}
	EndGlobalSection
EndGlobal
